
Microsoft Visual Studio Solution File, Format Version 12.00
# Visual Studio Version 16
VisualStudioVersion = 16.0.30804.86
MinimumVisualStudioVersion = 10.0.40219.1
Project("{FAE04EC0-301F-11D3-BF4B-00C04F79EFBC}") = "TetrisConsole", "TetrisConsole.csproj", "{2BB7C723-C590-401F-A850-AAF26F6D276D}"
EndProject
Global
	GlobalSection(SolutionConfigurationPlatforms) = preSolution
		Debug|Any CPU = Debug|Any CPU
		Release|Any CPU = Release|Any CPU
	EndGlobalSection
	GlobalSection(ProjectConfigurationPlatforms) = postSolution
		{2BB7C723-C590-401F-A850-AAF26F6D276D}.Debug|Any CPU.ActiveCfg = Debug|Any CPU
		{2BB7C723-C590-401F-A850-AAF26F6D276D}.Debug|Any CPU.Build.0 = Debug|Any CPU
		{2BB7C723-C590-401F-A850-AAF26F6D276D}.Release|Any CPU.ActiveCfg = Release|Any CPU
		{2BB7C723-C590-401F-A850-AAF26F6D276D}.Release|Any CPU.Build.0 = Release|Any CPU
	EndGlobalSection
	GlobalSection(SolutionProperties) = preSolution
		HideSolutionNode = FALSE
	EndGlobalSection
	GlobalSection(ExtensibilityGlobals) = postSolution
		SolutionGuid = {22FD8000-A1E7-4D51-B76E-22F4A3948F56}
	EndGlobalSection
EndGlobal
